{
  "name": "introduccionjs-finalizado",
  "version": "1.0.0",
  "lockfileVersion": 3,
  "requires": true,
  "packages": {
    "": {
      "name": "introduccionjs-finalizado",
      "version": "1.0.0",
      "license": "ISC",
      "dependencies": {
        "introduccionjs-finalizado": "file:"
      }
    },
    "node_modules/introduccionjs-finalizado": {
      "resolved": "",
      "link": true
    }
  }
}
